{
  "name": "@kura-lang/compiler",
  "version": "1.0.0",
  "lockfileVersion": 3,
  "requires": true,
  "packages": {
    "": {
      "name": "@kura-lang/compiler",
      "version": "1.0.0",
      "license": "(MIT OR Apache-2.0)",
      "bin": {
        "kr": "bin/kr.mjs",
        "kr-system": "bin/kr-system.mjs",
        "kr-kernel": "bin/kr-kernel.mjs",
        "kr-scheduler": "bin/kr-scheduler.mjs"
      },
      "engines": {
        "node": ">=20"
      }
    }
  }
}
