{
  "name": "@kura-lang/compiler",
  "version": "1.0.0",
  "lockfileVersion": 3,
  "requires": true,
  "packages": {
    "": {
      "name": "@kura-lang/compiler",
      "version": "1.0.0",
      "license": "(MIT OR Apache-2.0)",
      "bin": {
        "kr": "bin/kr.mjs",
        "kr-async": "bin/kr-async.mjs",
        "kr-dev": "bin/kr-dev.mjs",
        "kr-kernel": "bin/kr-kernel.mjs",
        "kr-language": "bin/kr-language.mjs",
        "kr-native-language": "bin/kr-native-language.mjs",
        "kr-safety": "bin/kr-safety.mjs",
        "kr-scheduler": "bin/kr-scheduler.mjs",
        "kr-selfhost": "bin/kr-selfhost.mjs",
        "kr-system": "bin/kr-system.mjs",
        "kr-userspace": "bin/kr-userspace.mjs"
      },
      "engines": {
        "node": ">=20"
      }
    }
  }
}
